
Microsoft Visual Studio Solution File, Format Version 12.00
# Visual Studio 15
VisualStudioVersion = 15.0.28010.2046
MinimumVisualStudioVersion = 10.0.40219.1
Project("{FAE04EC0-301F-11D3-BF4B-00C04F79EFBC}") = "Web.UI", "Web.UI\Web.UI.csproj", "{D43B8E43-487B-4A48-9D9E-680A4481A65E}"
EndProject
Project("{FAE04EC0-301F-11D3-BF4B-00C04F79EFBC}") = "Web.Business", "Web.Business\Web.Business.csproj", "{EA19499F-0574-447D-A158-B5E3577CDFC5}"
EndProject
Project("{FAE04EC0-301F-11D3-BF4B-00C04F79EFBC}") = "UnitTests", "UnitTests\UnitTests.csproj", "{32C075B0-94E2-438B-B3F7-07FBAD450BA2}"
EndProject
Global
	GlobalSection(SolutionConfigurationPlatforms) = preSolution
		Debug|Any CPU = Debug|Any CPU
		Release|Any CPU = Release|Any CPU
	EndGlobalSection
	GlobalSection(ProjectConfigurationPlatforms) = postSolution
		{D43B8E43-487B-4A48-9D9E-680A4481A65E}.Debug|Any CPU.ActiveCfg = Debug|Any CPU
		{D43B8E43-487B-4A48-9D9E-680A4481A65E}.Debug|Any CPU.Build.0 = Debug|Any CPU
		{D43B8E43-487B-4A48-9D9E-680A4481A65E}.Release|Any CPU.ActiveCfg = Release|Any CPU
		{D43B8E43-487B-4A48-9D9E-680A4481A65E}.Release|Any CPU.Build.0 = Release|Any CPU
		{EA19499F-0574-447D-A158-B5E3577CDFC5}.Debug|Any CPU.ActiveCfg = Debug|Any CPU
		{EA19499F-0574-447D-A158-B5E3577CDFC5}.Debug|Any CPU.Build.0 = Debug|Any CPU
		{EA19499F-0574-447D-A158-B5E3577CDFC5}.Release|Any CPU.ActiveCfg = Release|Any CPU
		{EA19499F-0574-447D-A158-B5E3577CDFC5}.Release|Any CPU.Build.0 = Release|Any CPU
		{32C075B0-94E2-438B-B3F7-07FBAD450BA2}.Debug|Any CPU.ActiveCfg = Debug|Any CPU
		{32C075B0-94E2-438B-B3F7-07FBAD450BA2}.Debug|Any CPU.Build.0 = Debug|Any CPU
		{32C075B0-94E2-438B-B3F7-07FBAD450BA2}.Release|Any CPU.ActiveCfg = Release|Any CPU
		{32C075B0-94E2-438B-B3F7-07FBAD450BA2}.Release|Any CPU.Build.0 = Release|Any CPU
	EndGlobalSection
	GlobalSection(SolutionProperties) = preSolution
		HideSolutionNode = FALSE
	EndGlobalSection
	GlobalSection(ExtensibilityGlobals) = postSolution
		SolutionGuid = {4FBBE331-8671-4F10-80F7-9C329F7E2AA8}
	EndGlobalSection
EndGlobal
